
Microsoft Visual Studio Solution File, Format Version 12.00
# Visual Studio Version 16
VisualStudioVersion = 16.0.33423.256
MinimumVisualStudioVersion = 10.0.40219.1
Project("{8BC9CEB8-8B4A-11D0-8D11-00A0C91BC942}") = "HelloWorld", "HelloWorld\HelloWorld.vcxproj", "{FB87AB0C-0DF6-43DE-9048-E06BBFA1CEF8}"
EndProject
Project("{8BC9CEB8-8B4A-11D0-8D11-00A0C91BC942}") = "01_Week", "01_Week\01_Week.vcxproj", "{17B2B5DB-EC76-44F8-8284-40D50B3B03F6}"
EndProject
Global
	GlobalSection(SolutionConfigurationPlatforms) = preSolution
		Debug|x64 = Debug|x64
		Debug|x86 = Debug|x86
		Release|x64 = Release|x64
		Release|x86 = Release|x86
	EndGlobalSection
	GlobalSection(ProjectConfigurationPlatforms) = postSolution
		{FB87AB0C-0DF6-43DE-9048-E06BBFA1CEF8}.Debug|x64.ActiveCfg = Debug|x64
		{FB87AB0C-0DF6-43DE-9048-E06BBFA1CEF8}.Debug|x64.Build.0 = Debug|x64
		{FB87AB0C-0DF6-43DE-9048-E06BBFA1CEF8}.Debug|x86.ActiveCfg = Debug|Win32
		{FB87AB0C-0DF6-43DE-9048-E06BBFA1CEF8}.Debug|x86.Build.0 = Debug|Win32
		{FB87AB0C-0DF6-43DE-9048-E06BBFA1CEF8}.Release|x64.ActiveCfg = Release|x64
		{FB87AB0C-0DF6-43DE-9048-E06BBFA1CEF8}.Release|x64.Build.0 = Release|x64
		{FB87AB0C-0DF6-43DE-9048-E06BBFA1CEF8}.Release|x86.ActiveCfg = Release|Win32
		{FB87AB0C-0DF6-43DE-9048-E06BBFA1CEF8}.Release|x86.Build.0 = Release|Win32
		{17B2B5DB-EC76-44F8-8284-40D50B3B03F6}.Debug|x64.ActiveCfg = Debug|x64
		{17B2B5DB-EC76-44F8-8284-40D50B3B03F6}.Debug|x64.Build.0 = Debug|x64
		{17B2B5DB-EC76-44F8-8284-40D50B3B03F6}.Debug|x86.ActiveCfg = Debug|Win32
		{17B2B5DB-EC76-44F8-8284-40D50B3B03F6}.Debug|x86.Build.0 = Debug|Win32
		{17B2B5DB-EC76-44F8-8284-40D50B3B03F6}.Release|x64.ActiveCfg = Release|x64
		{17B2B5DB-EC76-44F8-8284-40D50B3B03F6}.Release|x64.Build.0 = Release|x64
		{17B2B5DB-EC76-44F8-8284-40D50B3B03F6}.Release|x86.ActiveCfg = Release|Win32
		{17B2B5DB-EC76-44F8-8284-40D50B3B03F6}.Release|x86.Build.0 = Release|Win32
	EndGlobalSection
	GlobalSection(SolutionProperties) = preSolution
		HideSolutionNode = FALSE
	EndGlobalSection
	GlobalSection(ExtensibilityGlobals) = postSolution
		SolutionGuid = {23D943AF-50FC-4688-9CA1-B4273B97EF83}
	EndGlobalSection
EndGlobal
